// !$*UTF8*$!
{
	archiveVersion = 1;
	classes = {
	};
	objectVersion = 50;
	objects = {

/* Begin PBXBuildFile section */
		627040B821A86157003CAE0A /* LocationService.swift in Sources */ = {isa = PBXBuildFile; fileRef = 627040B721A86157003CAE0A /* LocationService.swift */; };
		940D855921A9844F006ADA48 /* BuildRoute.swift in Sources */ = {isa = PBXBuildFile; fileRef = 940D855821A9844F006ADA48 /* BuildRoute.swift */; };
		9444222121A88DA50005DA0B /* RepositoryService.swift in Sources */ = {isa = PBXBuildFile; fileRef = 9444222021A88DA50005DA0B /* RepositoryService.swift */; };
		94C9E19A21A685AC00C722C3 /* AppDelegate.swift in Sources */ = {isa = PBXBuildFile; fileRef = 94C9E19921A685AC00C722C3 /* AppDelegate.swift */; };
		94C9E1A121A685AC00C722C3 /* Assets.xcassets in Resources */ = {isa = PBXBuildFile; fileRef = 94C9E1A021A685AC00C722C3 /* Assets.xcassets */; };
		94C9E1A421A685AC00C722C3 /* LaunchScreen.storyboard in Resources */ = {isa = PBXBuildFile; fileRef = 94C9E1A221A685AC00C722C3 /* LaunchScreen.storyboard */; };
		94C9E1B721A706ED00C722C3 /* Main.storyboard in Resources */ = {isa = PBXBuildFile; fileRef = 94C9E1B621A706ED00C722C3 /* Main.storyboard */; };
		94C9E1BB21A712A300C722C3 /* MapViewController.swift in Sources */ = {isa = PBXBuildFile; fileRef = 94C9E1BA21A712A300C722C3 /* MapViewController.swift */; };
		94C9E1BF21A71AB200C722C3 /* LocationsListViewController.swift in Sources */ = {isa = PBXBuildFile; fileRef = 94C9E1BE21A71AB200C722C3 /* LocationsListViewController.swift */; };
		94C9E1C321A72FE700C722C3 /* ContainerViewManager.swift in Sources */ = {isa = PBXBuildFile; fileRef = 94C9E1C221A72FE700C722C3 /* ContainerViewManager.swift */; };
		F8362F2A7943347895A89799 /* Pods_go.framework in Frameworks */ = {isa = PBXBuildFile; fileRef = 4640DF1D9F35C73BC25D0770 /* Pods_go.framework */; };
/* End PBXBuildFile section */

/* Begin PBXFileReference section */
		023B42B5F7847BEAB4EFDFC5 /* Pods-go.debug.xcconfig */ = {isa = PBXFileReference; includeInIndex = 1; lastKnownFileType = text.xcconfig; name = "Pods-go.debug.xcconfig"; path = "Pods/Target Support Files/Pods-go/Pods-go.debug.xcconfig"; sourceTree = "<group>"; };
		4640DF1D9F35C73BC25D0770 /* Pods_go.framework */ = {isa = PBXFileReference; explicitFileType = wrapper.framework; includeInIndex = 0; path = Pods_go.framework; sourceTree = BUILT_PRODUCTS_DIR; };
		627040B721A86157003CAE0A /* LocationService.swift */ = {isa = PBXFileReference; lastKnownFileType = sourcecode.swift; path = LocationService.swift; sourceTree = "<group>"; };
		940D855821A9844F006ADA48 /* BuildRoute.swift */ = {isa = PBXFileReference; lastKnownFileType = sourcecode.swift; path = BuildRoute.swift; sourceTree = "<group>"; };
		9444222021A88DA50005DA0B /* RepositoryService.swift */ = {isa = PBXFileReference; lastKnownFileType = sourcecode.swift; path = RepositoryService.swift; sourceTree = "<group>"; };
		94C9E19621A685AC00C722C3 /* go.app */ = {isa = PBXFileReference; explicitFileType = wrapper.application; includeInIndex = 0; path = go.app; sourceTree = BUILT_PRODUCTS_DIR; };
		94C9E19921A685AC00C722C3 /* AppDelegate.swift */ = {isa = PBXFileReference; lastKnownFileType = sourcecode.swift; path = AppDelegate.swift; sourceTree = "<group>"; };
		94C9E1A021A685AC00C722C3 /* Assets.xcassets */ = {isa = PBXFileReference; lastKnownFileType = folder.assetcatalog; path = Assets.xcassets; sourceTree = "<group>"; };
		94C9E1A321A685AC00C722C3 /* Base */ = {isa = PBXFileReference; lastKnownFileType = file.storyboard; name = Base; path = Base.lproj/LaunchScreen.storyboard; sourceTree = "<group>"; };
		94C9E1A521A685AC00C722C3 /* Info.plist */ = {isa = PBXFileReference; lastKnownFileType = text.plist.xml; path = Info.plist; sourceTree = "<group>"; };
		94C9E1B621A706ED00C722C3 /* Main.storyboard */ = {isa = PBXFileReference; lastKnownFileType = file.storyboard; path = Main.storyboard; sourceTree = "<group>"; };
		94C9E1BA21A712A300C722C3 /* MapViewController.swift */ = {isa = PBXFileReference; lastKnownFileType = sourcecode.swift; path = MapViewController.swift; sourceTree = "<group>"; };
		94C9E1BE21A71AB200C722C3 /* LocationsListViewController.swift */ = {isa = PBXFileReference; lastKnownFileType = sourcecode.swift; path = LocationsListViewController.swift; sourceTree = "<group>"; };
		94C9E1C221A72FE700C722C3 /* ContainerViewManager.swift */ = {isa = PBXFileReference; lastKnownFileType = sourcecode.swift; path = ContainerViewManager.swift; sourceTree = "<group>"; };
		AC0E1B7DBD311D0110FB43CC /* Pods-go.release.xcconfig */ = {isa = PBXFileReference; includeInIndex = 1; lastKnownFileType = text.xcconfig; name = "Pods-go.release.xcconfig"; path = "Pods/Target Support Files/Pods-go/Pods-go.release.xcconfig"; sourceTree = "<group>"; };
/* End PBXFileReference section */

/* Begin PBXFrameworksBuildPhase section */
		94C9E19321A685AC00C722C3 /* Frameworks */ = {
			isa = PBXFrameworksBuildPhase;
			buildActionMask = 2147483647;
			files = (
				F8362F2A7943347895A89799 /* Pods_go.framework in Frameworks */,
			);
			runOnlyForDeploymentPostprocessing = 0;
		};
/* End PBXFrameworksBuildPhase section */

/* Begin PBXGroup section */
		627040B621A86137003CAE0A /* Services */ = {
			isa = PBXGroup;
			children = (
				627040B721A86157003CAE0A /* LocationService.swift */,
				9444222021A88DA50005DA0B /* RepositoryService.swift */,
			);
			path = Services;
			sourceTree = "<group>";
		};
		84A8CFDE92BC4735DAA2A9C4 /* Frameworks */ = {
			isa = PBXGroup;
			children = (
				4640DF1D9F35C73BC25D0770 /* Pods_go.framework */,
			);
			name = Frameworks;
			sourceTree = "<group>";
		};
		94C9E18D21A685AC00C722C3 = {
			isa = PBXGroup;
			children = (
				94C9E19821A685AC00C722C3 /* go */,
				94C9E19721A685AC00C722C3 /* Products */,
				C6B83B709BCF9E4207E2A355 /* Pods */,
				84A8CFDE92BC4735DAA2A9C4 /* Frameworks */,
			);
			sourceTree = "<group>";
		};
		94C9E19721A685AC00C722C3 /* Products */ = {
			isa = PBXGroup;
			children = (
				94C9E19621A685AC00C722C3 /* go.app */,
			);
			name = Products;
			sourceTree = "<group>";
		};
		94C9E19821A685AC00C722C3 /* go */ = {
			isa = PBXGroup;
			children = (
				94C9E1AB21A6885800C722C3 /* App */,
				94C9E1AF21A688DB00C722C3 /* Core */,
				94C9E1B021A688F700C722C3 /* Environment */,
				94C9E1B121A688FF00C722C3 /* Flow */,
				94C9E1B221A6891B00C722C3 /* Resources */,
			);
			path = go;
			sourceTree = "<group>";
		};
		94C9E1AB21A6885800C722C3 /* App */ = {
			isa = PBXGroup;
			children = (
				94C9E19921A685AC00C722C3 /* AppDelegate.swift */,
				94C9E1AC21A6886500C722C3 /* Business */,
			);
			path = App;
			sourceTree = "<group>";
		};
		94C9E1AC21A6886500C722C3 /* Business */ = {
			isa = PBXGroup;
			children = (
				627040B621A86137003CAE0A /* Services */,
			);
			path = Business;
			sourceTree = "<group>";
		};
		94C9E1AF21A688DB00C722C3 /* Core */ = {
			isa = PBXGroup;
			children = (
				94C9E1C221A72FE700C722C3 /* ContainerViewManager.swift */,
				940D855821A9844F006ADA48 /* BuildRoute.swift */,
			);
			path = Core;
			sourceTree = "<group>";
		};
		94C9E1B021A688F700C722C3 /* Environment */ = {
			isa = PBXGroup;
			children = (
				94C9E1A521A685AC00C722C3 /* Info.plist */,
			);
			path = Environment;
			sourceTree = "<group>";
		};
		94C9E1B121A688FF00C722C3 /* Flow */ = {
			isa = PBXGroup;
			children = (
				94C9E1BE21A71AB200C722C3 /* LocationsListViewController.swift */,
				94C9E1BA21A712A300C722C3 /* MapViewController.swift */,
				94C9E1B621A706ED00C722C3 /* Main.storyboard */,
			);
			path = Flow;
			sourceTree = "<group>";
		};
		94C9E1B221A6891B00C722C3 /* Resources */ = {
			isa = PBXGroup;
			children = (
				94C9E1A021A685AC00C722C3 /* Assets.xcassets */,
				94C9E1A221A685AC00C722C3 /* LaunchScreen.storyboard */,
			);
			path = Resources;
			sourceTree = "<group>";
		};
		C6B83B709BCF9E4207E2A355 /* Pods */ = {
			isa = PBXGroup;
			children = (
				023B42B5F7847BEAB4EFDFC5 /* Pods-go.debug.xcconfig */,
				AC0E1B7DBD311D0110FB43CC /* Pods-go.release.xcconfig */,
			);
			name = Pods;
			sourceTree = "<group>";
		};
/* End PBXGroup section */

/* Begin PBXNativeTarget section */
		94C9E19521A685AC00C722C3 /* go */ = {
			isa = PBXNativeTarget;
			buildConfigurationList = 94C9E1A821A685AC00C722C3 /* Build configuration list for PBXNativeTarget "go" */;
			buildPhases = (
				259D97F6FAF55A77C859BF84 /* [CP] Check Pods Manifest.lock */,
				94C9E19221A685AC00C722C3 /* Sources */,
				94C9E19321A685AC00C722C3 /* Frameworks */,
				94C9E19421A685AC00C722C3 /* Resources */,
			);
			buildRules = (
			);
			dependencies = (
			);
			name = go;
			productName = go;
			productReference = 94C9E19621A685AC00C722C3 /* go.app */;
			productType = "com.apple.product-type.application";
		};
/* End PBXNativeTarget section */

/* Begin PBXProject section */
		94C9E18E21A685AC00C722C3 /* Project object */ = {
			isa = PBXProject;
			attributes = {
				LastSwiftUpdateCheck = 1010;
				LastUpgradeCheck = 1010;
				ORGANIZATIONNAME = "Maxim Tolstikov";
				TargetAttributes = {
					94C9E19521A685AC00C722C3 = {
						CreatedOnToolsVersion = 10.1;
					};
				};
			};
			buildConfigurationList = 94C9E19121A685AC00C722C3 /* Build configuration list for PBXProject "go" */;
			compatibilityVersion = "Xcode 9.3";
			developmentRegion = en;
			hasScannedForEncodings = 0;
			knownRegions = (
				en,
				Base,
			);
			mainGroup = 94C9E18D21A685AC00C722C3;
			productRefGroup = 94C9E19721A685AC00C722C3 /* Products */;
			projectDirPath = "";
			projectRoot = "";
			targets = (
				94C9E19521A685AC00C722C3 /* go */,
			);
		};
/* End PBXProject section */

/* Begin PBXResourcesBuildPhase section */
		94C9E19421A685AC00C722C3 /* Resources */ = {
			isa = PBXResourcesBuildPhase;
			buildActionMask = 2147483647;
			files = (
				94C9E1B721A706ED00C722C3 /* Main.storyboard in Resources */,
				94C9E1A421A685AC00C722C3 /* LaunchScreen.storyboard in Resources */,
				94C9E1A121A685AC00C722C3 /* Assets.xcassets in Resources */,
			);
			runOnlyForDeploymentPostprocessing = 0;
		};
/* End PBXResourcesBuildPhase section */

/* Begin PBXShellScriptBuildPhase section */
		259D97F6FAF55A77C859BF84 /* [CP] Check Pods Manifest.lock */ = {
			isa = PBXShellScriptBuildPhase;
			buildActionMask = 2147483647;
			files = (
			);
			inputPaths = (
				"${PODS_PODFILE_DIR_PATH}/Podfile.lock",
				"${PODS_ROOT}/Manifest.lock",
			);
			name = "[CP] Check Pods Manifest.lock";
			outputPaths = (
				"$(DERIVED_FILE_DIR)/Pods-go-checkManifestLockResult.txt",
			);
			runOnlyForDeploymentPostprocessing = 0;
			shellPath = /bin/sh;
			shellScript = "diff \"${PODS_PODFILE_DIR_PATH}/Podfile.lock\" \"${PODS_ROOT}/Manifest.lock\" > /dev/null\nif [ $? != 0 ] ; then\n    # print error to STDERR\n    echo \"error: The sandbox is not in sync with the Podfile.lock. Run 'pod install' or update your CocoaPods installation.\" >&2\n    exit 1\nfi\n# This output is used by Xcode 'outputs' to avoid re-running this script phase.\necho \"SUCCESS\" > \"${SCRIPT_OUTPUT_FILE_0}\"\n";
			showEnvVarsInLog = 0;
		};
/* End PBXShellScriptBuildPhase section */

/* Begin PBXSourcesBuildPhase section */
		94C9E19221A685AC00C722C3 /* Sources */ = {
			isa = PBXSourcesBuildPhase;
			buildActionMask = 2147483647;
			files = (
				94C9E19A21A685AC00C722C3 /* AppDelegate.swift in Sources */,
				940D855921A9844F006ADA48 /* BuildRoute.swift in Sources */,
				94C9E1BB21A712A300C722C3 /* MapViewController.swift in Sources */,
				627040B821A86157003CAE0A /* LocationService.swift in Sources */,
				9444222121A88DA50005DA0B /* RepositoryService.swift in Sources */,
				94C9E1C321A72FE700C722C3 /* ContainerViewManager.swift in Sources */,
				94C9E1BF21A71AB200C722C3 /* LocationsListViewController.swift in Sources */,
			);
			runOnlyForDeploymentPostprocessing = 0;
		};
/* End PBXSourcesBuildPhase section */

/* Begin PBXVariantGroup section */
		94C9E1A221A685AC00C722C3 /* LaunchScreen.storyboard */ = {
			isa = PBXVariantGroup;
			children = (
				94C9E1A321A685AC00C722C3 /* Base */,
			);
			name = LaunchScreen.storyboard;
			sourceTree = "<group>";
		};
/* End PBXVariantGroup section */

/* Begin XCBuildConfiguration section */
		94C9E1A621A685AC00C722C3 /* Debug */ = {
			isa = XCBuildConfiguration;
			buildSettings = {
				ALWAYS_SEARCH_USER_PATHS = NO;
				CLANG_ANALYZER_NONNULL = YES;
				CLANG_ANALYZER_NUMBER_OBJECT_CONVERSION = YES_AGGRESSIVE;
				CLANG_CXX_LANGUAGE_STANDARD = "gnu++14";
				CLANG_CXX_LIBRARY = "libc++";
				CLANG_ENABLE_MODULES = YES;
				CLANG_ENABLE_OBJC_ARC = YES;
				CLANG_ENABLE_OBJC_WEAK = YES;
				CLANG_WARN_BLOCK_CAPTURE_AUTORELEASING = YES;
				CLANG_WARN_BOOL_CONVERSION = YES;
				CLANG_WARN_COMMA = YES;
				CLANG_WARN_CONSTANT_CONVERSION = YES;
				CLANG_WARN_DEPRECATED_OBJC_IMPLEMENTATIONS = YES;
				CLANG_WARN_DIRECT_OBJC_ISA_USAGE = YES_ERROR;
				CLANG_WARN_DOCUMENTATION_COMMENTS = YES;
				CLANG_WARN_EMPTY_BODY = YES;
				CLANG_WARN_ENUM_CONVERSION = YES;
				CLANG_WARN_INFINITE_RECURSION = YES;
				CLANG_WARN_INT_CONVERSION = YES;
				CLANG_WARN_NON_LITERAL_NULL_CONVERSION = YES;
				CLANG_WARN_OBJC_IMPLICIT_RETAIN_SELF = YES;
				CLANG_WARN_OBJC_LITERAL_CONVERSION = YES;
				CLANG_WARN_OBJC_ROOT_CLASS = YES_ERROR;
				CLANG_WARN_RANGE_LOOP_ANALYSIS = YES;
				CLANG_WARN_STRICT_PROTOTYPES = YES;
				CLANG_WARN_SUSPICIOUS_MOVE = YES;
				CLANG_WARN_UNGUARDED_AVAILABILITY = YES_AGGRESSIVE;
				CLANG_WARN_UNREACHABLE_CODE = YES;
				CLANG_WARN__DUPLICATE_METHOD_MATCH = YES;
				CODE_SIGN_IDENTITY = "iPhone Developer";
				COPY_PHASE_STRIP = NO;
				DEBUG_INFORMATION_FORMAT = dwarf;
				ENABLE_STRICT_OBJC_MSGSEND = YES;
				ENABLE_TESTABILITY = YES;
				GCC_C_LANGUAGE_STANDARD = gnu11;
				GCC_DYNAMIC_NO_PIC = NO;
				GCC_NO_COMMON_BLOCKS = YES;
				GCC_OPTIMIZATION_LEVEL = 0;
				GCC_PREPROCESSOR_DEFINITIONS = (
					"DEBUG=1",
					"$(inherited)",
				);
				GCC_WARN_64_TO_32_BIT_CONVERSION = YES;
				GCC_WARN_ABOUT_RETURN_TYPE = YES_ERROR;
				GCC_WARN_UNDECLARED_SELECTOR = YES;
				GCC_WARN_UNINITIALIZED_AUTOS = YES_AGGRESSIVE;
				GCC_WARN_UNUSED_FUNCTION = YES;
				GCC_WARN_UNUSED_VARIABLE = YES;
				IPHONEOS_DEPLOYMENT_TARGET = 12.1;
				MTL_ENABLE_DEBUG_INFO = INCLUDE_SOURCE;
				MTL_FAST_MATH = YES;
				ONLY_ACTIVE_ARCH = YES;
				SDKROOT = iphoneos;
				SWIFT_ACTIVE_COMPILATION_CONDITIONS = DEBUG;
				SWIFT_OPTIMIZATION_LEVEL = "-Onone";
			};
			name = Debug;
		};
		94C9E1A721A685AC00C722C3 /* Release */ = {
			isa = XCBuildConfiguration;
			buildSettings = {
				ALWAYS_SEARCH_USER_PATHS = NO;
				CLANG_ANALYZER_NONNULL = YES;
				CLANG_ANALYZER_NUMBER_OBJECT_CONVERSION = YES_AGGRESSIVE;
				CLANG_CXX_LANGUAGE_STANDARD = "gnu++14";
				CLANG_CXX_LIBRARY = "libc++";
				CLANG_ENABLE_MODULES = YES;
				CLANG_ENABLE_OBJC_ARC = YES;
				CLANG_ENABLE_OBJC_WEAK = YES;
				CLANG_WARN_BLOCK_CAPTURE_AUTORELEASING = YES;
				CLANG_WARN_BOOL_CONVERSION = YES;
				CLANG_WARN_COMMA = YES;
				CLANG_WARN_CONSTANT_CONVERSION = YES;
				CLANG_WARN_DEPRECATED_OBJC_IMPLEMENTATIONS = YES;
				CLANG_WARN_DIRECT_OBJC_ISA_USAGE = YES_ERROR;
				CLANG_WARN_DOCUMENTATION_COMMENTS = YES;
				CLANG_WARN_EMPTY_BODY = YES;
				CLANG_WARN_ENUM_CONVERSION = YES;
				CLANG_WARN_INFINITE_RECURSION = YES;
				CLANG_WARN_INT_CONVERSION = YES;
				CLANG_WARN_NON_LITERAL_NULL_CONVERSION = YES;
				CLANG_WARN_OBJC_IMPLICIT_RETAIN_SELF = YES;
				CLANG_WARN_OBJC_LITERAL_CONVERSION = YES;
				CLANG_WARN_OBJC_ROOT_CLASS = YES_ERROR;
				CLANG_WARN_RANGE_LOOP_ANALYSIS = YES;
				CLANG_WARN_STRICT_PROTOTYPES = YES;
				CLANG_WARN_SUSPICIOUS_MOVE = YES;
				CLANG_WARN_UNGUARDED_AVAILABILITY = YES_AGGRESSIVE;
				CLANG_WARN_UNREACHABLE_CODE = YES;
				CLANG_WARN__DUPLICATE_METHOD_MATCH = YES;
				CODE_SIGN_IDENTITY = "iPhone Developer";
				COPY_PHASE_STRIP = NO;
				DEBUG_INFORMATION_FORMAT = "dwarf-with-dsym";
				ENABLE_NS_ASSERTIONS = NO;
				ENABLE_STRICT_OBJC_MSGSEND = YES;
				GCC_C_LANGUAGE_STANDARD = gnu11;
				GCC_NO_COMMON_BLOCKS = YES;
				GCC_WARN_64_TO_32_BIT_CONVERSION = YES;
				GCC_WARN_ABOUT_RETURN_TYPE = YES_ERROR;
				GCC_WARN_UNDECLARED_SELECTOR = YES;
				GCC_WARN_UNINITIALIZED_AUTOS = YES_AGGRESSIVE;
				GCC_WARN_UNUSED_FUNCTION = YES;
				GCC_WARN_UNUSED_VARIABLE = YES;
				IPHONEOS_DEPLOYMENT_TARGET = 12.1;
				MTL_ENABLE_DEBUG_INFO = NO;
				MTL_FAST_MATH = YES;
				SDKROOT = iphoneos;
				SWIFT_COMPILATION_MODE = wholemodule;
				SWIFT_OPTIMIZATION_LEVEL = "-O";
				VALIDATE_PRODUCT = YES;
			};
			name = Release;
		};
		94C9E1A921A685AC00C722C3 /* Debug */ = {
			isa = XCBuildConfiguration;
			baseConfigurationReference = 023B42B5F7847BEAB4EFDFC5 /* Pods-go.debug.xcconfig */;
			buildSettings = {
				ASSETCATALOG_COMPILER_APPICON_NAME = AppIcon;
				CODE_SIGN_STYLE = Manual;
				DEVELOPMENT_TEAM = "";
				INFOPLIST_FILE = "$(SRCROOT)/go/Environment/Info.plist";
				IPHONEOS_DEPLOYMENT_TARGET = 12.0;
				LD_RUNPATH_SEARCH_PATHS = (
					"$(inherited)",
					"@executable_path/Frameworks",
				);
				PRODUCT_BUNDLE_IDENTIFIER = ru.pricemin.go;
				PRODUCT_NAME = "$(TARGET_NAME)";
				PROVISIONING_PROFILE_SPECIFIER = "";
				SWIFT_VERSION = 4.2;
				TARGETED_DEVICE_FAMILY = "1,2";
			};
			name = Debug;
		};
		94C9E1AA21A685AC00C722C3 /* Release */ = {
			isa = XCBuildConfiguration;
			baseConfigurationReference = AC0E1B7DBD311D0110FB43CC /* Pods-go.release.xcconfig */;
			buildSettings = {
				ASSETCATALOG_COMPILER_APPICON_NAME = AppIcon;
				CODE_SIGN_STYLE = Manual;
				DEVELOPMENT_TEAM = "";
				INFOPLIST_FILE = "$(SRCROOT)/go/Environment/Info.plist";
				IPHONEOS_DEPLOYMENT_TARGET = 12.0;
				LD_RUNPATH_SEARCH_PATHS = (
					"$(inherited)",
					"@executable_path/Frameworks",
				);
				PRODUCT_BUNDLE_IDENTIFIER = ru.pricemin.go;
				PRODUCT_NAME = "$(TARGET_NAME)";
				PROVISIONING_PROFILE_SPECIFIER = "";
				SWIFT_VERSION = 4.2;
				TARGETED_DEVICE_FAMILY = "1,2";
			};
			name = Release;
		};
/* End XCBuildConfiguration section */

/* Begin XCConfigurationList section */
		94C9E19121A685AC00C722C3 /* Build configuration list for PBXProject "go" */ = {
			isa = XCConfigurationList;
			buildConfigurations = (
				94C9E1A621A685AC00C722C3 /* Debug */,
				94C9E1A721A685AC00C722C3 /* Release */,
			);
			defaultConfigurationIsVisible = 0;
			defaultConfigurationName = Release;
		};
		94C9E1A821A685AC00C722C3 /* Build configuration list for PBXNativeTarget "go" */ = {
			isa = XCConfigurationList;
			buildConfigurations = (
				94C9E1A921A685AC00C722C3 /* Debug */,
				94C9E1AA21A685AC00C722C3 /* Release */,
			);
			defaultConfigurationIsVisible = 0;
			defaultConfigurationName = Release;
		};
/* End XCConfigurationList section */
	};
	rootObject = 94C9E18E21A685AC00C722C3 /* Project object */;
}
